
Microsoft Visual Studio Solution File, Format Version 12.00
# Visual Studio Version 18
VisualStudioVersion = 18.0.11222.15 d18.0
MinimumVisualStudioVersion = 10.0.40219.1
Project("{FAE04EC0-301F-11D3-BF4B-00C04F79EFBC}") = "AoC2015", "AoC2015\AoC2015\AoC2015.csproj", "{B30609AB-F5E2-4610-A869-BAD53DB78C05}"
EndProject
Project("{FAE04EC0-301F-11D3-BF4B-00C04F79EFBC}") = "AoC2020", "AoC2020\AoC2020\AoC2020.csproj", "{B78B01C3-1429-434A-BCA2-ECA559FE7D04}"
EndProject
Project("{FAE04EC0-301F-11D3-BF4B-00C04F79EFBC}") = "AoC2021", "AoC2021\AoC2021\AoC2021.csproj", "{B98FB292-C724-41E2-BA74-9BFAD59D93B9}"
EndProject
Project("{FAE04EC0-301F-11D3-BF4B-00C04F79EFBC}") = "AoC2023", "AoC2023\AoC2023\AoC2023.csproj", "{B7770B62-DC1E-4A2E-A17C-3005E68F4572}"
EndProject
Project("{FAE04EC0-301F-11D3-BF4B-00C04F79EFBC}") = "AoC2022", "AoC2022\AoC2022\AoC2022.csproj", "{0799BE24-A262-4A6A-AF63-2EB31D7F94A8}"
EndProject
Project("{2150E333-8FDC-42A3-9474-1A3956D46DE8}") = "AoC2024", "AoC2024", "{621F7866-BA80-4631-899B-F994DE49BD8D}"
EndProject
Project("{FAE04EC0-301F-11D3-BF4B-00C04F79EFBC}") = "AoC2024", "AoC2024\AoC2024\AoC2024.csproj", "{CB430178-3FA4-4388-A3B4-3BBCC0C8EA24}"
EndProject
Project("{FAE04EC0-301F-11D3-BF4B-00C04F79EFBC}") = "AoC2024.Tests", "AoC2024\AoC2024.Tests\AoC2024.Tests.csproj", "{56D57C24-49CC-4455-A0E5-45009417FE9C}"
EndProject
Project("{2150E333-8FDC-42A3-9474-1A3956D46DE8}") = "AoC2023", "AoC2023", "{DFF74D83-B239-48FA-A366-F53578CDE06F}"
EndProject
Project("{2150E333-8FDC-42A3-9474-1A3956D46DE8}") = "AoC2022", "AoC2022", "{244DF4A8-A497-4594-9759-C91A0D911479}"
EndProject
Project("{2150E333-8FDC-42A3-9474-1A3956D46DE8}") = "AoC2021", "AoC2021", "{3517EAFD-9A63-457D-938A-EEE49F062C03}"
EndProject
Project("{2150E333-8FDC-42A3-9474-1A3956D46DE8}") = "AoC2020", "AoC2020", "{1154449F-CA2A-4ED2-ADBE-094F4B2D45BA}"
EndProject
Project("{2150E333-8FDC-42A3-9474-1A3956D46DE8}") = "AoC2015", "AoC2015", "{7B255565-0B18-4D35-BBC0-D8B3B588133D}"
EndProject
Project("{FAE04EC0-301F-11D3-BF4B-00C04F79EFBC}") = "AoC2023.Tests", "AoC2023\AoC2023.Tests\AoC2023.Tests.csproj", "{57898C62-FBED-4C78-9E43-A7A18D813777}"
EndProject
Project("{FAE04EC0-301F-11D3-BF4B-00C04F79EFBC}") = "AoC.Shared", "AoC.Shared\AoC.Shared.csproj", "{653D7245-64C5-4169-8F5B-BE5485D10910}"
EndProject
Project("{FAE04EC0-301F-11D3-BF4B-00C04F79EFBC}") = "AoC2021.Tests", "AoC2021\AoC2021.Tests\AoC2021.Tests.csproj", "{B63CC1B8-A27D-4973-B46E-027D7E808D32}"
EndProject
Project("{2150E333-8FDC-42A3-9474-1A3956D46DE8}") = "AoC2025", "AoC2025", "{D61746FF-B9F1-49EF-902F-AB0F448658CE}"
EndProject
Project("{FAE04EC0-301F-11D3-BF4B-00C04F79EFBC}") = "AoC2025", "AoC2025\AoC2025\AoC2025.csproj", "{E38304C2-2BB3-41F7-9764-020272D35C59}"
EndProject
Project("{FAE04EC0-301F-11D3-BF4B-00C04F79EFBC}") = "AoC2025.Tests", "AoC2025\AoC2025.Tests\AoC2025.Tests.csproj", "{26FD11E5-BB21-4DE6-B1A8-AE44650382AB}"
EndProject
Global
	GlobalSection(SolutionConfigurationPlatforms) = preSolution
		Debug|Any CPU = Debug|Any CPU
		Release|Any CPU = Release|Any CPU
	EndGlobalSection
	GlobalSection(ProjectConfigurationPlatforms) = postSolution
		{B30609AB-F5E2-4610-A869-BAD53DB78C05}.Debug|Any CPU.ActiveCfg = Debug|Any CPU
		{B30609AB-F5E2-4610-A869-BAD53DB78C05}.Debug|Any CPU.Build.0 = Debug|Any CPU
		{B30609AB-F5E2-4610-A869-BAD53DB78C05}.Release|Any CPU.ActiveCfg = Release|Any CPU
		{B30609AB-F5E2-4610-A869-BAD53DB78C05}.Release|Any CPU.Build.0 = Release|Any CPU
		{B78B01C3-1429-434A-BCA2-ECA559FE7D04}.Debug|Any CPU.ActiveCfg = Debug|Any CPU
		{B78B01C3-1429-434A-BCA2-ECA559FE7D04}.Debug|Any CPU.Build.0 = Debug|Any CPU
		{B78B01C3-1429-434A-BCA2-ECA559FE7D04}.Release|Any CPU.ActiveCfg = Release|Any CPU
		{B78B01C3-1429-434A-BCA2-ECA559FE7D04}.Release|Any CPU.Build.0 = Release|Any CPU
		{B98FB292-C724-41E2-BA74-9BFAD59D93B9}.Debug|Any CPU.ActiveCfg = Debug|Any CPU
		{B98FB292-C724-41E2-BA74-9BFAD59D93B9}.Debug|Any CPU.Build.0 = Debug|Any CPU
		{B98FB292-C724-41E2-BA74-9BFAD59D93B9}.Release|Any CPU.ActiveCfg = Release|Any CPU
		{B98FB292-C724-41E2-BA74-9BFAD59D93B9}.Release|Any CPU.Build.0 = Release|Any CPU
		{B7770B62-DC1E-4A2E-A17C-3005E68F4572}.Debug|Any CPU.ActiveCfg = Debug|Any CPU
		{B7770B62-DC1E-4A2E-A17C-3005E68F4572}.Debug|Any CPU.Build.0 = Debug|Any CPU
		{B7770B62-DC1E-4A2E-A17C-3005E68F4572}.Release|Any CPU.ActiveCfg = Release|Any CPU
		{B7770B62-DC1E-4A2E-A17C-3005E68F4572}.Release|Any CPU.Build.0 = Release|Any CPU
		{0799BE24-A262-4A6A-AF63-2EB31D7F94A8}.Debug|Any CPU.ActiveCfg = Debug|Any CPU
		{0799BE24-A262-4A6A-AF63-2EB31D7F94A8}.Debug|Any CPU.Build.0 = Debug|Any CPU
		{0799BE24-A262-4A6A-AF63-2EB31D7F94A8}.Release|Any CPU.ActiveCfg = Release|Any CPU
		{0799BE24-A262-4A6A-AF63-2EB31D7F94A8}.Release|Any CPU.Build.0 = Release|Any CPU
		{CB430178-3FA4-4388-A3B4-3BBCC0C8EA24}.Debug|Any CPU.ActiveCfg = Debug|Any CPU
		{CB430178-3FA4-4388-A3B4-3BBCC0C8EA24}.Debug|Any CPU.Build.0 = Debug|Any CPU
		{CB430178-3FA4-4388-A3B4-3BBCC0C8EA24}.Release|Any CPU.ActiveCfg = Release|Any CPU
		{CB430178-3FA4-4388-A3B4-3BBCC0C8EA24}.Release|Any CPU.Build.0 = Release|Any CPU
		{56D57C24-49CC-4455-A0E5-45009417FE9C}.Debug|Any CPU.ActiveCfg = Debug|Any CPU
		{56D57C24-49CC-4455-A0E5-45009417FE9C}.Debug|Any CPU.Build.0 = Debug|Any CPU
		{56D57C24-49CC-4455-A0E5-45009417FE9C}.Release|Any CPU.ActiveCfg = Release|Any CPU
		{56D57C24-49CC-4455-A0E5-45009417FE9C}.Release|Any CPU.Build.0 = Release|Any CPU
		{57898C62-FBED-4C78-9E43-A7A18D813777}.Debug|Any CPU.ActiveCfg = Debug|Any CPU
		{57898C62-FBED-4C78-9E43-A7A18D813777}.Debug|Any CPU.Build.0 = Debug|Any CPU
		{57898C62-FBED-4C78-9E43-A7A18D813777}.Release|Any CPU.ActiveCfg = Release|Any CPU
		{57898C62-FBED-4C78-9E43-A7A18D813777}.Release|Any CPU.Build.0 = Release|Any CPU
		{653D7245-64C5-4169-8F5B-BE5485D10910}.Debug|Any CPU.ActiveCfg = Debug|Any CPU
		{653D7245-64C5-4169-8F5B-BE5485D10910}.Debug|Any CPU.Build.0 = Debug|Any CPU
		{653D7245-64C5-4169-8F5B-BE5485D10910}.Release|Any CPU.ActiveCfg = Release|Any CPU
		{653D7245-64C5-4169-8F5B-BE5485D10910}.Release|Any CPU.Build.0 = Release|Any CPU
		{B63CC1B8-A27D-4973-B46E-027D7E808D32}.Debug|Any CPU.ActiveCfg = Debug|Any CPU
		{B63CC1B8-A27D-4973-B46E-027D7E808D32}.Debug|Any CPU.Build.0 = Debug|Any CPU
		{B63CC1B8-A27D-4973-B46E-027D7E808D32}.Release|Any CPU.ActiveCfg = Release|Any CPU
		{B63CC1B8-A27D-4973-B46E-027D7E808D32}.Release|Any CPU.Build.0 = Release|Any CPU
		{E38304C2-2BB3-41F7-9764-020272D35C59}.Debug|Any CPU.ActiveCfg = Debug|Any CPU
		{E38304C2-2BB3-41F7-9764-020272D35C59}.Debug|Any CPU.Build.0 = Debug|Any CPU
		{E38304C2-2BB3-41F7-9764-020272D35C59}.Release|Any CPU.ActiveCfg = Release|Any CPU
		{E38304C2-2BB3-41F7-9764-020272D35C59}.Release|Any CPU.Build.0 = Release|Any CPU
		{26FD11E5-BB21-4DE6-B1A8-AE44650382AB}.Debug|Any CPU.ActiveCfg = Debug|Any CPU
		{26FD11E5-BB21-4DE6-B1A8-AE44650382AB}.Debug|Any CPU.Build.0 = Debug|Any CPU
		{26FD11E5-BB21-4DE6-B1A8-AE44650382AB}.Release|Any CPU.ActiveCfg = Release|Any CPU
		{26FD11E5-BB21-4DE6-B1A8-AE44650382AB}.Release|Any CPU.Build.0 = Release|Any CPU
	EndGlobalSection
	GlobalSection(SolutionProperties) = preSolution
		HideSolutionNode = FALSE
	EndGlobalSection
	GlobalSection(NestedProjects) = preSolution
		{B30609AB-F5E2-4610-A869-BAD53DB78C05} = {7B255565-0B18-4D35-BBC0-D8B3B588133D}
		{B78B01C3-1429-434A-BCA2-ECA559FE7D04} = {1154449F-CA2A-4ED2-ADBE-094F4B2D45BA}
		{B98FB292-C724-41E2-BA74-9BFAD59D93B9} = {3517EAFD-9A63-457D-938A-EEE49F062C03}
		{B7770B62-DC1E-4A2E-A17C-3005E68F4572} = {DFF74D83-B239-48FA-A366-F53578CDE06F}
		{0799BE24-A262-4A6A-AF63-2EB31D7F94A8} = {244DF4A8-A497-4594-9759-C91A0D911479}
		{CB430178-3FA4-4388-A3B4-3BBCC0C8EA24} = {621F7866-BA80-4631-899B-F994DE49BD8D}
		{56D57C24-49CC-4455-A0E5-45009417FE9C} = {621F7866-BA80-4631-899B-F994DE49BD8D}
		{57898C62-FBED-4C78-9E43-A7A18D813777} = {DFF74D83-B239-48FA-A366-F53578CDE06F}
		{B63CC1B8-A27D-4973-B46E-027D7E808D32} = {3517EAFD-9A63-457D-938A-EEE49F062C03}
		{E38304C2-2BB3-41F7-9764-020272D35C59} = {D61746FF-B9F1-49EF-902F-AB0F448658CE}
		{26FD11E5-BB21-4DE6-B1A8-AE44650382AB} = {D61746FF-B9F1-49EF-902F-AB0F448658CE}
	EndGlobalSection
	GlobalSection(ExtensibilityGlobals) = postSolution
		SolutionGuid = {70A40D38-6F36-4513-B56B-77B5FD93D1D3}
	EndGlobalSection
EndGlobal
